# This file is autogenerated, do not edit; changes may be undone by the next 'dep ensure'.


[[projects]]
  branch = "master"
  name = "github.com/jguer/go-alpm"
  packages = ["."]
  revision = "1114f773cdfb05f577438f7a0538eccabc9cf012"

[[projects]]
  branch = "master"
  name = "github.com/mikkeloscar/aur"
  packages = ["."]
  revision = "837b260b8e90895c45737e2e72313fe5bce6f2c4"

[[projects]]
  branch = "master"
  name = "github.com/mikkeloscar/gopkgbuild"
  packages = ["."]
  revision = "2bb4f1f1db67f81fe50f9c1c4ad9db4f20fd6b22"

[solve-meta]
  analyzer-name = "dep"
  analyzer-version = 1
  inputs-digest = "456465ee334310996a51a2282bf4cfe9f6269db508479c962474d61a4ce0a08c"
  solver-name = "gps-cdcl"
  solver-version = 1
