# This file is autogenerated, do not edit; changes may be undone by the next 'dep ensure'.


[[projects]]
  branch = "master"
  name = "github.com/jguer/go-alpm"
  packages = ["."]
  revision = "f09b14fad0ccb0df7e5b699da8bcf3b45db4d0ab"

[[projects]]
  branch = "master"
  name = "github.com/mikkeloscar/aur"
  packages = ["."]
  revision = "837b260b8e90895c45737e2e72313fe5bce6f2c4"

[[projects]]
  branch = "master"
  name = "github.com/mikkeloscar/gopkgbuild"
  packages = ["."]
  revision = "7b0e7c63b22efc73e1c10e6f3117fdc03cd21816"

[solve-meta]
  analyzer-name = "dep"
  analyzer-version = 1
  inputs-digest = "456465ee334310996a51a2282bf4cfe9f6269db508479c962474d61a4ce0a08c"
  solver-name = "gps-cdcl"
  solver-version = 1
